
Microsoft Visual Studio Solution File, Format Version 12.00
# Visual Studio Version 17
VisualStudioVersion = 17.12.35514.174
MinimumVisualStudioVersion = 10.0.40219.1
Project("{FAE04EC0-301F-11D3-BF4B-00C04F79EFBC}") = "Factory", "src\Factory\Factory.csproj", "{B3324A8E-A8E4-4162-A2AA-3CD61A5250A1}"
EndProject
Project("{FAE04EC0-301F-11D3-BF4B-00C04F79EFBC}") = "Factory.Tests", "src\Factory.Tests\Factory.Tests.csproj", "{048B3D57-0277-4DAC-8141-18C524B5A0E4}"
EndProject
Project("{2150E333-8FDC-42A3-9474-1A3956D46DE8}") = "src", "src", "{55A4B9A2-5D43-4D95-BE4B-8C1C713AB92E}"
EndProject
Global
	GlobalSection(SolutionConfigurationPlatforms) = preSolution
		Debug|Any CPU = Debug|Any CPU
		Release|Any CPU = Release|Any CPU
	EndGlobalSection
	GlobalSection(ProjectConfigurationPlatforms) = postSolution
		{B3324A8E-A8E4-4162-A2AA-3CD61A5250A1}.Debug|Any CPU.ActiveCfg = Debug|Any CPU
		{B3324A8E-A8E4-4162-A2AA-3CD61A5250A1}.Debug|Any CPU.Build.0 = Debug|Any CPU
		{B3324A8E-A8E4-4162-A2AA-3CD61A5250A1}.Release|Any CPU.ActiveCfg = Release|Any CPU
		{B3324A8E-A8E4-4162-A2AA-3CD61A5250A1}.Release|Any CPU.Build.0 = Release|Any CPU
		{048B3D57-0277-4DAC-8141-18C524B5A0E4}.Debug|Any CPU.ActiveCfg = Debug|Any CPU
		{048B3D57-0277-4DAC-8141-18C524B5A0E4}.Debug|Any CPU.Build.0 = Debug|Any CPU
		{048B3D57-0277-4DAC-8141-18C524B5A0E4}.Release|Any CPU.ActiveCfg = Release|Any CPU
		{048B3D57-0277-4DAC-8141-18C524B5A0E4}.Release|Any CPU.Build.0 = Release|Any CPU
	EndGlobalSection
	GlobalSection(SolutionProperties) = preSolution
		HideSolutionNode = FALSE
	EndGlobalSection
	GlobalSection(NestedProjects) = preSolution
		{B3324A8E-A8E4-4162-A2AA-3CD61A5250A1} = {55A4B9A2-5D43-4D95-BE4B-8C1C713AB92E}
		{048B3D57-0277-4DAC-8141-18C524B5A0E4} = {55A4B9A2-5D43-4D95-BE4B-8C1C713AB92E}
	EndGlobalSection
EndGlobal
